
Microsoft Visual Studio Solution File, Format Version 12.00
# Visual Studio Version 17
VisualStudioVersion = 17.7.34024.191
MinimumVisualStudioVersion = 10.0.40219.1
Project("{FAE04EC0-301F-11D3-BF4B-00C04F79EFBC}") = "DonViHanhChinh6102023.Apis", "DonViHanhChinh6102023\DonViHanhChinh6102023.Apis.csproj", "{E680B8BB-6A67-46AF-ACD5-DA4539258742}"
EndProject
Project("{FAE04EC0-301F-11D3-BF4B-00C04F79EFBC}") = "DonViHanhChinh6102023.Entities", "DonViHanhChinh6102023.Entities\DonViHanhChinh6102023.Entities.csproj", "{E7E90539-9A91-4619-9716-D2C34B19444C}"
EndProject
Project("{FAE04EC0-301F-11D3-BF4B-00C04F79EFBC}") = "DonViHanhChinh6102023.Repositories", "DonViHanhChinh6102023.Repositories\DonViHanhChinh6102023.Repositories.csproj", "{7DCA65D2-AE93-4471-BBCC-65125EACC1A7}"
EndProject
Project("{FAE04EC0-301F-11D3-BF4B-00C04F79EFBC}") = "DonViHanhChinh6102023.Services", "DonViHanhChinh6102023.Services\DonViHanhChinh6102023.Services.csproj", "{58F39DF9-3EF2-4652-A242-EC76F172BFAD}"
EndProject
Project("{FAE04EC0-301F-11D3-BF4B-00C04F79EFBC}") = "DonViHanhChinh6102023.Domain", "DonViHanhChinh6102023.Domain\DonViHanhChinh6102023.Domain.csproj", "{CC0BF0C5-9E90-4178-AD7B-0A36E3AD57F8}"
EndProject
Global
	GlobalSection(SolutionConfigurationPlatforms) = preSolution
		Debug|Any CPU = Debug|Any CPU
		Release|Any CPU = Release|Any CPU
	EndGlobalSection
	GlobalSection(ProjectConfigurationPlatforms) = postSolution
		{E680B8BB-6A67-46AF-ACD5-DA4539258742}.Debug|Any CPU.ActiveCfg = Debug|Any CPU
		{E680B8BB-6A67-46AF-ACD5-DA4539258742}.Debug|Any CPU.Build.0 = Debug|Any CPU
		{E680B8BB-6A67-46AF-ACD5-DA4539258742}.Release|Any CPU.ActiveCfg = Release|Any CPU
		{E680B8BB-6A67-46AF-ACD5-DA4539258742}.Release|Any CPU.Build.0 = Release|Any CPU
		{E7E90539-9A91-4619-9716-D2C34B19444C}.Debug|Any CPU.ActiveCfg = Debug|Any CPU
		{E7E90539-9A91-4619-9716-D2C34B19444C}.Debug|Any CPU.Build.0 = Debug|Any CPU
		{E7E90539-9A91-4619-9716-D2C34B19444C}.Release|Any CPU.ActiveCfg = Release|Any CPU
		{E7E90539-9A91-4619-9716-D2C34B19444C}.Release|Any CPU.Build.0 = Release|Any CPU
		{7DCA65D2-AE93-4471-BBCC-65125EACC1A7}.Debug|Any CPU.ActiveCfg = Debug|Any CPU
		{7DCA65D2-AE93-4471-BBCC-65125EACC1A7}.Debug|Any CPU.Build.0 = Debug|Any CPU
		{7DCA65D2-AE93-4471-BBCC-65125EACC1A7}.Release|Any CPU.ActiveCfg = Release|Any CPU
		{7DCA65D2-AE93-4471-BBCC-65125EACC1A7}.Release|Any CPU.Build.0 = Release|Any CPU
		{58F39DF9-3EF2-4652-A242-EC76F172BFAD}.Debug|Any CPU.ActiveCfg = Debug|Any CPU
		{58F39DF9-3EF2-4652-A242-EC76F172BFAD}.Debug|Any CPU.Build.0 = Debug|Any CPU
		{58F39DF9-3EF2-4652-A242-EC76F172BFAD}.Release|Any CPU.ActiveCfg = Release|Any CPU
		{58F39DF9-3EF2-4652-A242-EC76F172BFAD}.Release|Any CPU.Build.0 = Release|Any CPU
		{CC0BF0C5-9E90-4178-AD7B-0A36E3AD57F8}.Debug|Any CPU.ActiveCfg = Debug|Any CPU
		{CC0BF0C5-9E90-4178-AD7B-0A36E3AD57F8}.Debug|Any CPU.Build.0 = Debug|Any CPU
		{CC0BF0C5-9E90-4178-AD7B-0A36E3AD57F8}.Release|Any CPU.ActiveCfg = Release|Any CPU
		{CC0BF0C5-9E90-4178-AD7B-0A36E3AD57F8}.Release|Any CPU.Build.0 = Release|Any CPU
	EndGlobalSection
	GlobalSection(SolutionProperties) = preSolution
		HideSolutionNode = FALSE
	EndGlobalSection
	GlobalSection(ExtensibilityGlobals) = postSolution
		SolutionGuid = {AAA24163-BB16-4732-8ADA-89D65F58E2D0}
	EndGlobalSection
EndGlobal
